# This file is autogenerated, do not edit; changes may be undone by the next 'dep ensure'.


[[projects]]
  branch = "master"
  name = "git.fd.io/govpp.git"
  packages = [
    "adapter",
    "adapter/vppapiclient",
    "api",
    "codec",
    "core"
  ]
  revision = "56e997fc27c775790fcce5eda92bb2baee82d881"

[[projects]]
  name = "github.com/fsnotify/fsnotify"
  packages = ["."]
  revision = "4da3e2cfbabc9f751898f250b49f2439785783a1"

[[projects]]
  name = "github.com/konsorten/go-windows-terminal-sequences"
  packages = ["."]
  revision = "5c8c8bd35d3832f5d134ae1e1e375b69a4d25242"
  version = "v1.0.1"

[[projects]]
  name = "github.com/lunixbochs/struc"
  packages = ["."]
  revision = "ef56447db6a068ad9e52bc54a1aff5fb9e1ed2dd"

[[projects]]
  name = "github.com/sirupsen/logrus"
  packages = ["."]
  revision = "ad15b42461921f1fb3529b058c6786c6a45d5162"
  version = "v1.1.1"

[[projects]]
  branch = "master"
  name = "golang.org/x/crypto"
  packages = ["ssh/terminal"]
  revision = "7c1a557ab941a71c619514f229f0b27ccb0c27cf"

[[projects]]
  branch = "master"
  name = "golang.org/x/sys"
  packages = [
    "unix",
    "windows"
  ]
  revision = "fa43e7bc11baaae89f3f902b2b4d832b68234844"

[solve-meta]
  analyzer-name = "dep"
  analyzer-version = 1
  inputs-digest = "deba5ec2c54b011eff4417503a67ccc70a7517d8135db2b6de3384ba2dac7554"
  solver-name = "gps-cdcl"
  solver-version = 1
