# This file is autogenerated, do not edit; changes may be undone by the next 'dep ensure'.


[[projects]]
  branch = "master"
  digest = "1:7adceeb7fd041e4b777cb30c3f8f523068c782d340b755ee7d03e0f3e3e5f889"
  name = "git.fd.io/govpp.git"
  packages = [
    "adapter",
    "adapter/vppapiclient",
    "api",
    "codec",
    "core",
  ]
  pruneopts = "UT"
  revision = "56e997fc27c775790fcce5eda92bb2baee82d881"

[[projects]]
  digest = "1:d1665c44bd5db19aaee18d1b6233c99b0b9a986e8bccb24ef54747547a48027f"
  name = "github.com/PuerkitoBio/purell"
  packages = ["."]
  pruneopts = "UT"
  revision = "0bcb03f4b4d0a9428594752bd2a3b9aa0a9d4bd4"
  version = "v1.1.0"

[[projects]]
  branch = "master"
  digest = "1:c739832d67eb1e9cc478a19cc1a1ccd78df0397bf8a32978b759152e205f644b"
  name = "github.com/PuerkitoBio/urlesc"
  packages = ["."]
  pruneopts = "UT"
  revision = "de5bf2ad457846296e2031421a34e2568e304e35"

[[projects]]
  digest = "1:87c056b4f0548034ade51456237b47f723b901f373d7c11295f80da5d3b91950"
  name = "github.com/emicklei/go-restful"
  packages = [
    ".",
    "log",
  ]
  pruneopts = "UT"
  revision = "ff4f55a206334ef123e4f79bbf348980da81ca46"

[[projects]]
  digest = "1:38c783cf85b9454cc02a1a8319239800ed0af6c1c864adf19cea0539e134adad"
  name = "github.com/fsnotify/fsnotify"
  packages = ["."]
  pruneopts = "UT"
  revision = "4da3e2cfbabc9f751898f250b49f2439785783a1"

[[projects]]
  digest = "1:c45cef8e0074ea2f8176a051df38553ba997a3616f1ec2d35222b1cf9864881e"
  name = "github.com/ghodss/yaml"
  packages = ["."]
  pruneopts = "UT"
  revision = "73d445a93680fa1a78ae23a5839bad48f32ba1ee"

[[projects]]
  digest = "1:aacef5f5e45685f2aeda5534d0a750dee6859de7e9088cdd06192787bb01ae6d"
  name = "github.com/go-errors/errors"
  packages = ["."]
  pruneopts = "UT"
  revision = "a6af135bd4e28680facf08a3d206b454abc877a4"
  version = "v1.0.1"

[[projects]]
  digest = "1:953a2628e4c5c72856b53f5470ed5e071c55eccf943d798d42908102af2a610f"
  name = "github.com/go-openapi/jsonpointer"
  packages = ["."]
  pruneopts = "UT"
  revision = "ef5f0afec364d3b9396b7b77b43dbe26bf1f8004"
  version = "v0.17.0"

[[projects]]
  digest = "1:81210e0af657a0fb3638932ec68e645236bceefa4c839823db0c4d918f080895"
  name = "github.com/go-openapi/jsonreference"
  packages = ["."]
  pruneopts = "UT"
  revision = "8483a886a90412cd6858df4ea3483dce9c8e35a3"
  version = "v0.17.0"

[[projects]]
  branch = "master"
  digest = "1:394fed5c0425fe01da3a34078adaa1682e4deaea6e5d232dde25c4034004c151"
  name = "github.com/go-openapi/spec"
  packages = ["."]
  pruneopts = "UT"
  revision = "5bae59e25b21498baea7f9d46e9c147ec106a42e"

[[projects]]
  digest = "1:32f3d2e7f343de7263c550d696fb8a64d3c49d8df16b1ddfc8e80e1e4b3233ce"
  name = "github.com/go-openapi/swag"
  packages = ["."]
  pruneopts = "UT"
  revision = "5899d5c5e619fda5fa86e14795a835f473ca284c"
  version = "v0.17.0"

[[projects]]
  digest = "1:b7a8552c62868d867795b63eaf4f45d3e92d36db82b428e680b9c95a8c33e5b1"
  name = "github.com/gogo/protobuf"
  packages = [
    "proto",
    "sortkeys",
  ]
  pruneopts = "UT"
  revision = "342cbe0a04158f6dcb03ca0079991a51a4248c02"
  version = "v0.5"

[[projects]]
  digest = "1:2edd2416f89b4e841df0e4a78802ce14d2bc7ad79eba1a45986e39f0f8cb7d87"
  name = "github.com/golang/glog"
  packages = ["."]
  pruneopts = "UT"
  revision = "44145f04b68cf362d9c4df2182967c2275eaefed"

[[projects]]
  digest = "1:4c0989ca0bcd10799064318923b9bc2db6b4d6338dd75f3f2d86c3511aaaf5cf"
  name = "github.com/golang/protobuf"
  packages = [
    "proto",
    "ptypes",
    "ptypes/any",
    "ptypes/duration",
    "ptypes/timestamp",
  ]
  pruneopts = "UT"
  revision = "aa810b61a9c79d51363740d207bb46cf8e620ed5"
  version = "v1.2.0"

[[projects]]
  branch = "master"
  digest = "1:0bfbe13936953a98ae3cfe8ed6670d396ad81edf069a806d2f6515d7bb6950df"
  name = "github.com/google/btree"
  packages = ["."]
  pruneopts = "UT"
  revision = "4030bb1f1f0c35b30ca7009e9ebd06849dd45306"

[[projects]]
  digest = "1:41bfd4219241b7f7d6e6fdb13fc712576f1337e68e6b895136283b76928fdd66"
  name = "github.com/google/gofuzz"
  packages = ["."]
  pruneopts = "UT"
  revision = "44d81051d367757e1c7c6a5a86423ece9afcf63c"

[[projects]]
  digest = "1:75eb87381d25cc75212f52358df9c3a2719584eaa9685cd510ce28699122f39d"
  name = "github.com/googleapis/gnostic"
  packages = [
    "OpenAPIv2",
    "compiler",
    "extensions",
  ]
  pruneopts = "UT"
  revision = "0c5108395e2debce0d731cf0287ddf7242066aba"

[[projects]]
  digest = "1:878f0defa9b853f9acfaf4a162ba450a89d0050eff084f9fe7f5bd15948f172a"
  name = "github.com/gregjones/httpcache"
  packages = [
    ".",
    "diskcache",
  ]
  pruneopts = "UT"
  revision = "787624de3eb7bd915c329cba748687a3b22666a6"

[[projects]]
  digest = "1:c0d19ab64b32ce9fe5cf4ddceba78d5bc9807f0016db6b1183599da3dcc24d10"
  name = "github.com/hashicorp/hcl"
  packages = [
    ".",
    "hcl/ast",
    "hcl/parser",
    "hcl/printer",
    "hcl/scanner",
    "hcl/strconv",
    "hcl/token",
    "json/parser",
    "json/scanner",
    "json/token",
  ]
  pruneopts = "UT"
  revision = "8cb6e5b959231cc1119e43259c4a608f9c51a241"
  version = "v1.0.0"

[[projects]]
  digest = "1:06ec9147400aabb0d6960dd8557638603b5f320cd4cb8a3eceaae407e782849a"
  name = "github.com/imdario/mergo"
  packages = ["."]
  pruneopts = "UT"
  revision = "6633656539c1639d9d78127b7d47c622b5d7b6dc"

[[projects]]
  digest = "1:870d441fe217b8e689d7949fef6e43efbc787e50f200cb1e70dbca9204a1d6be"
  name = "github.com/inconshreveable/mousetrap"
  packages = ["."]
  pruneopts = "UT"
  revision = "76626ae9c91c4f2a10f34cad8ce83ea42c93bb75"
  version = "v1.0"

[[projects]]
  digest = "1:bb3cc4c1b21ea18cfa4e3e47440fc74d316ab25b0cf42927e8c1274917bd9891"
  name = "github.com/json-iterator/go"
  packages = ["."]
  pruneopts = "UT"
  revision = "f2b4162afba35581b6d4a50d3b8f34e33c144682"

[[projects]]
  digest = "1:0a69a1c0db3591fcefb47f115b224592c8dfa4368b7ba9fae509d5e16cdc95c8"
  name = "github.com/konsorten/go-windows-terminal-sequences"
  packages = ["."]
  pruneopts = "UT"
  revision = "5c8c8bd35d3832f5d134ae1e1e375b69a4d25242"
  version = "v1.0.1"

[[projects]]
  digest = "1:4af903f7da9a44784fbd1e72846a44366d4ca7310cf237ad9468fdc1612b0b73"
  name = "github.com/ligato/cn-infra"
  packages = [
    "core",
    "logging",
    "logging/logrus",
  ]
  pruneopts = "UT"
  revision = "22c14be88d97b2b8c38cce0a7141ea18bd042143"
  version = "v1.4.1"

[[projects]]
  branch = "master"
  digest = "1:06dfaf1c1bb09a92c2d472fcd13a461f76ae2398c31ca437e212ebaa3691b529"
  name = "github.com/ligato/networkservicemesh"
  packages = [
    "pkg/apis/networkservicemesh.io/v1",
    "pkg/nsm/apis/common",
    "pkg/nsm/apis/dataplaneinterface",
    "pkg/nsm/apis/dataplaneregistrar",
    "pkg/nsm/apis/netmesh",
    "pkg/tools",
    "plugins/config",
    "plugins/dataplaneregistrar",
    "plugins/idempotent",
    "plugins/logger",
    "plugins/logger/hooks/pid",
    "plugins/objectstore",
    "utils/command",
    "utils/helper/deptools",
    "utils/helper/errtools",
    "utils/helper/plugintools",
    "utils/idempotent",
    "utils/registry",
  ]
  pruneopts = "UT"
  revision = "86f7143536fc17cca6b11720e75153033696dc8e"

[[projects]]
  digest = "1:fd0b11e9149f5aa2a2f17c7f577c905a93c04633ae6e0b2b51f486bfe68fadad"
  name = "github.com/lunixbochs/struc"
  packages = ["."]
  pruneopts = "UT"
  revision = "ef56447db6a068ad9e52bc54a1aff5fb9e1ed2dd"

[[projects]]
  digest = "1:c568d7727aa262c32bdf8a3f7db83614f7af0ed661474b24588de635c20024c7"
  name = "github.com/magiconair/properties"
  packages = ["."]
  pruneopts = "UT"
  revision = "c2353362d570a7bfa228149c62842019201cfb71"
  version = "v1.8.0"

[[projects]]
  branch = "master"
  digest = "1:84a5a2b67486d5d67060ac393aa255d05d24ed5ee41daecd5635ec22657b6492"
  name = "github.com/mailru/easyjson"
  packages = [
    "buffer",
    "jlexer",
    "jwriter",
  ]
  pruneopts = "UT"
  revision = "60711f1a8329503b04e1c88535f419d0bb440bff"

[[projects]]
  digest = "1:53bc4cd4914cd7cd52139990d5170d6dc99067ae31c56530621b18b35fc30318"
  name = "github.com/mitchellh/mapstructure"
  packages = ["."]
  pruneopts = "UT"
  revision = "3536a929edddb9a5b34bd6861dc4a9647cb459fe"
  version = "v1.1.2"

[[projects]]
  digest = "1:33422d238f147d247752996a26574ac48dcf472976eda7f5134015f06bf16563"
  name = "github.com/modern-go/concurrent"
  packages = ["."]
  pruneopts = "UT"
  revision = "bacd9c7ef1dd9b15be4a9909b8ac7a4e313eec94"
  version = "1.0.3"

[[projects]]
  digest = "1:c56ad36f5722eb07926c979d5e80676ee007a9e39e7808577b9d87ec92b00460"
  name = "github.com/modern-go/reflect2"
  packages = ["."]
  pruneopts = "UT"
  revision = "94122c33edd36123c84d5368cfb2b69df93a0ec8"
  version = "v1.0.1"

[[projects]]
  digest = "1:6221a3a452964b1ff30efdc22209b124d54d04373e5993264d3fa9b13da0659d"
  name = "github.com/namsral/flag"
  packages = ["."]
  pruneopts = "UT"
  revision = "71ceffbeb0ba60fccc853971bb3ed4d7d90bfd04"
  version = "v1.7.4-pre"

[[projects]]
  branch = "master"
  digest = "1:7b00688590bccf501dc8b1f43f5948a80bc72494c501d9c995abb68be1e766f2"
  name = "github.com/onrik/logrus"
  packages = ["filename"]
  pruneopts = "UT"
  revision = "c9849815bc7c2abf20d58e4bc06c242198ebb741"

[[projects]]
  digest = "1:95741de3af260a92cc5c7f3f3061e85273f5a81b5db20d4bd68da74bd521675e"
  name = "github.com/pelletier/go-toml"
  packages = ["."]
  pruneopts = "UT"
  revision = "c01d1270ff3e442a8a57cddc1c92dc1138598194"
  version = "v1.2.0"

[[projects]]
  branch = "master"
  digest = "1:3bf17a6e6eaa6ad24152148a631d18662f7212e21637c2699bff3369b7f00fa2"
  name = "github.com/petar/GoLLRB"
  packages = ["llrb"]
  pruneopts = "UT"
  revision = "53be0d36a84c2a886ca057d34b6aa4468df9ccb4"

[[projects]]
  digest = "1:0e7775ebbcf00d8dd28ac663614af924411c868dca3d5aa762af0fae3808d852"
  name = "github.com/peterbourgon/diskv"
  packages = ["."]
  pruneopts = "UT"
  revision = "5f041e8faa004a95c88a202771f4cc3e991971e6"
  version = "v2.0.1"

[[projects]]
  digest = "1:274f67cb6fed9588ea2521ecdac05a6d62a8c51c074c1fccc6a49a40ba80e925"
  name = "github.com/satori/go.uuid"
  packages = ["."]
  pruneopts = "UT"
  revision = "f58768cc1a7a7e77a3bd49e98cdd21419399b6a3"
  version = "v1.2.0"

[[projects]]
  digest = "1:3f53e9e4dfbb664cd62940c9c4b65a2171c66acd0b7621a1a6b8e78513525a52"
  name = "github.com/sirupsen/logrus"
  packages = ["."]
  pruneopts = "UT"
  revision = "ad15b42461921f1fb3529b058c6786c6a45d5162"
  version = "v1.1.1"

[[projects]]
  digest = "1:6a4a11ba764a56d2758899ec6f3848d24698d48442ebce85ee7a3f63284526cd"
  name = "github.com/spf13/afero"
  packages = [
    ".",
    "mem",
  ]
  pruneopts = "UT"
  revision = "d40851caa0d747393da1ffb28f7f9d8b4eeffebd"
  version = "v1.1.2"

[[projects]]
  digest = "1:516e71bed754268937f57d4ecb190e01958452336fa73dbac880894164e91c1f"
  name = "github.com/spf13/cast"
  packages = ["."]
  pruneopts = "UT"
  revision = "8965335b8c7107321228e3e3702cab9832751bac"
  version = "v1.2.0"

[[projects]]
  digest = "1:645cabccbb4fa8aab25a956cbcbdf6a6845ca736b2c64e197ca7cbb9d210b939"
  name = "github.com/spf13/cobra"
  packages = ["."]
  pruneopts = "UT"
  revision = "ef82de70bb3f60c65fb8eebacbb2d122ef517385"
  version = "v0.0.3"

[[projects]]
  digest = "1:68ea4e23713989dc20b1bded5d9da2c5f9be14ff9885beef481848edd18c26cb"
  name = "github.com/spf13/jwalterweatherman"
  packages = ["."]
  pruneopts = "UT"
  revision = "4a4406e478ca629068e7768fc33f3f044173c0a6"
  version = "v1.0.0"

[[projects]]
  digest = "1:c1b1102241e7f645bc8e0c22ae352e8f0dc6484b6cb4d132fa9f24174e0119e2"
  name = "github.com/spf13/pflag"
  packages = ["."]
  pruneopts = "UT"
  revision = "298182f68c66c05229eb03ac171abe6e309ee79a"
  version = "v1.0.3"

[[projects]]
  digest = "1:214775c11fd26da94a100111a62daa25339198a4f9c57cb4aab352da889f5b93"
  name = "github.com/spf13/viper"
  packages = ["."]
  pruneopts = "UT"
  revision = "2c12c60302a5a0e62ee102ca9bc996277c2f64f5"
  version = "v1.2.1"

[[projects]]
  branch = "master"
  digest = "1:3f3a05ae0b95893d90b9b3b5afdb79a9b3d96e4e36e099d841ae602e4aca0da8"
  name = "golang.org/x/crypto"
  packages = ["ssh/terminal"]
  pruneopts = "UT"
  revision = "7c1a557ab941a71c619514f229f0b27ccb0c27cf"

[[projects]]
  branch = "master"
  digest = "1:1ae047ded1ddcbe0eca8b0772e3ff2c10e354db4c42c65b96d0386883e63904d"
  name = "golang.org/x/net"
  packages = [
    "context",
    "context/ctxhttp",
    "http/httpguts",
    "http2",
    "http2/hpack",
    "idna",
    "internal/timeseries",
    "trace",
  ]
  pruneopts = "UT"
  revision = "49bb7cea24b1df9410e1712aa6433dae904ff66a"

[[projects]]
  branch = "master"
  digest = "1:28b360454e161aae382c007449bcb1296087b5b52b4f37623bba0f9f9d7207f4"
  name = "golang.org/x/oauth2"
  packages = [
    ".",
    "internal",
  ]
  pruneopts = "UT"
  revision = "c57b0facaced709681d9f90397429b9430a74754"

[[projects]]
  branch = "master"
  digest = "1:f5aa274a0377f85735edc7fedfb0811d3cbc20af91633797cb359e29c3272271"
  name = "golang.org/x/sys"
  packages = [
    "unix",
    "windows",
  ]
  pruneopts = "UT"
  revision = "fa43e7bc11baaae89f3f902b2b4d832b68234844"

[[projects]]
  digest = "1:0c56024909189aee3364b7f21a95a27459f718aa7c199a5c111c36cfffd9eaef"
  name = "golang.org/x/text"
  packages = [
    "collate",
    "collate/build",
    "internal/colltab",
    "internal/gen",
    "internal/tag",
    "internal/triegen",
    "internal/ucd",
    "language",
    "secure/bidirule",
    "transform",
    "unicode/bidi",
    "unicode/cldr",
    "unicode/norm",
    "unicode/rangetable",
    "width",
  ]
  pruneopts = "UT"
  revision = "f21a4dfb5e38f5895301dc265a8def02365cc3d0"
  version = "v0.3.0"

[[projects]]
  digest = "1:d37b0ef2944431fe9e8ef35c6fffc8990d9e2ca300588df94a6890f3649ae365"
  name = "golang.org/x/time"
  packages = ["rate"]
  pruneopts = "UT"
  revision = "f51c12702a4d776e4c1fa9b0fabab841babae631"

[[projects]]
  digest = "1:6247f76e55a1e1a5c19a81e2d4b4dff6730461eeb5bbb0a16dd4a8ec8637ee93"
  name = "google.golang.org/appengine"
  packages = [
    "internal",
    "internal/base",
    "internal/datastore",
    "internal/log",
    "internal/remote_api",
    "internal/urlfetch",
    "urlfetch",
  ]
  pruneopts = "UT"
  revision = "ae0ab99deb4dc413a2b4bd6c8bdd0eb67f1e4d06"
  version = "v1.2.0"

[[projects]]
  branch = "master"
  digest = "1:56b0bca90b7e5d1facf5fbdacba23e4e0ce069d25381b8e2f70ef1e7ebfb9c1a"
  name = "google.golang.org/genproto"
  packages = ["googleapis/rpc/status"]
  pruneopts = "UT"
  revision = "af9cb2a35e7f169ec875002c1829c9b315cddc04"

[[projects]]
  digest = "1:ab8e92d746fb5c4c18846b0879842ac8e53b3d352449423d0924a11f1020ae1b"
  name = "google.golang.org/grpc"
  packages = [
    ".",
    "balancer",
    "balancer/base",
    "balancer/roundrobin",
    "codes",
    "connectivity",
    "credentials",
    "encoding",
    "encoding/proto",
    "grpclog",
    "internal",
    "internal/backoff",
    "internal/channelz",
    "internal/envconfig",
    "internal/grpcrand",
    "internal/transport",
    "keepalive",
    "metadata",
    "naming",
    "peer",
    "resolver",
    "resolver/dns",
    "resolver/passthrough",
    "stats",
    "status",
    "tap",
  ]
  pruneopts = "UT"
  revision = "8dea3dc473e90c8179e519d91302d0597c0ca1d1"
  version = "v1.15.0"

[[projects]]
  digest = "1:ef72505cf098abdd34efeea032103377bec06abb61d8a06f002d5d296a4b1185"
  name = "gopkg.in/inf.v0"
  packages = ["."]
  pruneopts = "UT"
  revision = "3887ee99ecf07df5b447e9b00d9c0b2adaa9f3e4"
  version = "v0.9.0"

[[projects]]
  digest = "1:342378ac4dcb378a5448dd723f0784ae519383532f5e70ade24132c4c8693202"
  name = "gopkg.in/yaml.v2"
  packages = ["."]
  pruneopts = "UT"
  revision = "5420a8b6744d3b0345ab293f6fcba19c978f1183"
  version = "v2.2.1"

[[projects]]
  digest = "1:910ec974550174f4ca48b9f4a3caec16b693e584c3762dc726dc0dcf28f8e318"
  name = "k8s.io/api"
  packages = [
    "admissionregistration/v1alpha1",
    "admissionregistration/v1beta1",
    "apps/v1",
    "apps/v1beta1",
    "apps/v1beta2",
    "authentication/v1",
    "authentication/v1beta1",
    "authorization/v1",
    "authorization/v1beta1",
    "autoscaling/v1",
    "autoscaling/v2beta1",
    "autoscaling/v2beta2",
    "batch/v1",
    "batch/v1beta1",
    "batch/v2alpha1",
    "certificates/v1beta1",
    "coordination/v1beta1",
    "core/v1",
    "events/v1beta1",
    "extensions/v1beta1",
    "networking/v1",
    "policy/v1beta1",
    "rbac/v1",
    "rbac/v1alpha1",
    "rbac/v1beta1",
    "scheduling/v1alpha1",
    "scheduling/v1beta1",
    "settings/v1alpha1",
    "storage/v1",
    "storage/v1alpha1",
    "storage/v1beta1",
  ]
  pruneopts = "UT"
  revision = "fd83cbc87e7632ccd8bbab63d2b673d4e0c631cc"
  version = "kubernetes-1.12.0"

[[projects]]
  digest = "1:18f352651d6e8578fdbaf29c68334b042439b288b8ae4112c2b2ba9a6e35ced0"
  name = "k8s.io/apimachinery"
  packages = [
    "pkg/api/errors",
    "pkg/api/meta",
    "pkg/api/resource",
    "pkg/apis/meta/v1",
    "pkg/apis/meta/v1/unstructured",
    "pkg/apis/meta/v1beta1",
    "pkg/conversion",
    "pkg/conversion/queryparams",
    "pkg/fields",
    "pkg/labels",
    "pkg/runtime",
    "pkg/runtime/schema",
    "pkg/runtime/serializer",
    "pkg/runtime/serializer/json",
    "pkg/runtime/serializer/protobuf",
    "pkg/runtime/serializer/recognizer",
    "pkg/runtime/serializer/streaming",
    "pkg/runtime/serializer/versioning",
    "pkg/selection",
    "pkg/types",
    "pkg/util/clock",
    "pkg/util/errors",
    "pkg/util/framer",
    "pkg/util/intstr",
    "pkg/util/json",
    "pkg/util/naming",
    "pkg/util/net",
    "pkg/util/runtime",
    "pkg/util/sets",
    "pkg/util/validation",
    "pkg/util/validation/field",
    "pkg/util/yaml",
    "pkg/version",
    "pkg/watch",
    "third_party/forked/golang/reflect",
  ]
  pruneopts = "UT"
  revision = "6dd46049f39503a1fc8d65de4bd566829e95faff"
  version = "kubernetes-1.12.1"

[[projects]]
  digest = "1:51fd9ac9f2be10d79f5af101a7a1d758ef283fdb028a0d11198754bd3d4a6020"
  name = "k8s.io/client-go"
  packages = [
    "discovery",
    "kubernetes",
    "kubernetes/scheme",
    "kubernetes/typed/admissionregistration/v1alpha1",
    "kubernetes/typed/admissionregistration/v1beta1",
    "kubernetes/typed/apps/v1",
    "kubernetes/typed/apps/v1beta1",
    "kubernetes/typed/apps/v1beta2",
    "kubernetes/typed/authentication/v1",
    "kubernetes/typed/authentication/v1beta1",
    "kubernetes/typed/authorization/v1",
    "kubernetes/typed/authorization/v1beta1",
    "kubernetes/typed/autoscaling/v1",
    "kubernetes/typed/autoscaling/v2beta1",
    "kubernetes/typed/autoscaling/v2beta2",
    "kubernetes/typed/batch/v1",
    "kubernetes/typed/batch/v1beta1",
    "kubernetes/typed/batch/v2alpha1",
    "kubernetes/typed/certificates/v1beta1",
    "kubernetes/typed/coordination/v1beta1",
    "kubernetes/typed/core/v1",
    "kubernetes/typed/events/v1beta1",
    "kubernetes/typed/extensions/v1beta1",
    "kubernetes/typed/networking/v1",
    "kubernetes/typed/policy/v1beta1",
    "kubernetes/typed/rbac/v1",
    "kubernetes/typed/rbac/v1alpha1",
    "kubernetes/typed/rbac/v1beta1",
    "kubernetes/typed/scheduling/v1alpha1",
    "kubernetes/typed/scheduling/v1beta1",
    "kubernetes/typed/settings/v1alpha1",
    "kubernetes/typed/storage/v1",
    "kubernetes/typed/storage/v1alpha1",
    "kubernetes/typed/storage/v1beta1",
    "pkg/apis/clientauthentication",
    "pkg/apis/clientauthentication/v1alpha1",
    "pkg/apis/clientauthentication/v1beta1",
    "pkg/version",
    "plugin/pkg/client/auth/exec",
    "rest",
    "rest/watch",
    "tools/auth",
    "tools/clientcmd",
    "tools/clientcmd/api",
    "tools/clientcmd/api/latest",
    "tools/clientcmd/api/v1",
    "tools/metrics",
    "tools/reference",
    "transport",
    "util/cert",
    "util/connrotation",
    "util/flowcontrol",
    "util/homedir",
    "util/integer",
  ]
  pruneopts = "UT"
  revision = "1638f8970cefaa404ff3a62950f88b08292b2696"
  version = "v9.0.0"

[[projects]]
  branch = "master"
  digest = "1:f60e3ccfe35ad7632217492c6709871d6c84b2ba77219f054f8d0ef7d1b996e2"
  name = "k8s.io/kube-openapi"
  packages = ["pkg/common"]
  pruneopts = "UT"
  revision = "9dfdf9be683f61f82cda12362c44c784e0778b56"

[solve-meta]
  analyzer-name = "dep"
  analyzer-version = 1
  input-imports = [
    "git.fd.io/govpp.git/adapter/vppapiclient",
    "git.fd.io/govpp.git/api",
    "git.fd.io/govpp.git/core",
    "github.com/ligato/networkservicemesh/pkg/nsm/apis/common",
    "github.com/ligato/networkservicemesh/pkg/nsm/apis/dataplaneinterface",
    "github.com/ligato/networkservicemesh/pkg/nsm/apis/dataplaneregistrar",
    "github.com/ligato/networkservicemesh/pkg/tools",
    "github.com/ligato/networkservicemesh/plugins/dataplaneregistrar",
    "github.com/lunixbochs/struc",
    "github.com/sirupsen/logrus",
    "google.golang.org/grpc",
    "google.golang.org/grpc/codes",
    "google.golang.org/grpc/status",
    "k8s.io/api/core/v1",
    "k8s.io/apimachinery/pkg/apis/meta/v1",
    "k8s.io/client-go/kubernetes",
    "k8s.io/client-go/rest",
    "k8s.io/client-go/tools/clientcmd",
  ]
  solver-name = "gps-cdcl"
  solver-version = 1
